// !$*UTF8*$!
{
	archiveVersion = 1;
	classes = {
	};
	objectVersion = 48;
	objects = {

/* Begin PBXBuildFile section */
		273F87571FB9D94600EBA990 /* AppDelegate.swift in Sources */ = {isa = PBXBuildFile; fileRef = 273F87561FB9D94600EBA990 /* AppDelegate.swift */; };
		273F87591FB9D94600EBA990 /* ViewController.swift in Sources */ = {isa = PBXBuildFile; fileRef = 273F87581FB9D94600EBA990 /* ViewController.swift */; };
		273F875C1FB9D94600EBA990 /* Main.storyboard in Resources */ = {isa = PBXBuildFile; fileRef = 273F875A1FB9D94600EBA990 /* Main.storyboard */; };
		273F875E1FB9D94600EBA990 /* Assets.xcassets in Resources */ = {isa = PBXBuildFile; fileRef = 273F875D1FB9D94600EBA990 /* Assets.xcassets */; };
		273F87611FB9D94600EBA990 /* LaunchScreen.storyboard in Resources */ = {isa = PBXBuildFile; fileRef = 273F875F1FB9D94600EBA990 /* LaunchScreen.storyboard */; };
		273F87691FBAD9E800EBA990 /* FaceCollectionViewCell.swift in Sources */ = {isa = PBXBuildFile; fileRef = 273F87681FBAD9E800EBA990 /* FaceCollectionViewCell.swift */; };
/* End PBXBuildFile section */

/* Begin PBXFileReference section */
		273F87531FB9D94600EBA990 /* CollectionViewSections.app */ = {isa = PBXFileReference; explicitFileType = wrapper.application; includeInIndex = 0; path = CollectionViewSections.app; sourceTree = BUILT_PRODUCTS_DIR; };
		273F87561FB9D94600EBA990 /* AppDelegate.swift */ = {isa = PBXFileReference; lastKnownFileType = sourcecode.swift; path = AppDelegate.swift; sourceTree = "<group>"; };
		273F87581FB9D94600EBA990 /* ViewController.swift */ = {isa = PBXFileReference; lastKnownFileType = sourcecode.swift; path = ViewController.swift; sourceTree = "<group>"; };
		273F875B1FB9D94600EBA990 /* Base */ = {isa = PBXFileReference; lastKnownFileType = file.storyboard; name = Base; path = Base.lproj/Main.storyboard; sourceTree = "<group>"; };
		273F875D1FB9D94600EBA990 /* Assets.xcassets */ = {isa = PBXFileReference; lastKnownFileType = folder.assetcatalog; path = Assets.xcassets; sourceTree = "<group>"; };
		273F87601FB9D94600EBA990 /* Base */ = {isa = PBXFileReference; lastKnownFileType = file.storyboard; name = Base; path = Base.lproj/LaunchScreen.storyboard; sourceTree = "<group>"; };
		273F87621FB9D94600EBA990 /* Info.plist */ = {isa = PBXFileReference; lastKnownFileType = text.plist.xml; path = Info.plist; sourceTree = "<group>"; };
		273F87681FBAD9E800EBA990 /* FaceCollectionViewCell.swift */ = {isa = PBXFileReference; lastKnownFileType = sourcecode.swift; path = FaceCollectionViewCell.swift; sourceTree = "<group>"; };
/* End PBXFileReference section */

/* Begin PBXFrameworksBuildPhase section */
		273F87501FB9D94600EBA990 /* Frameworks */ = {
			isa = PBXFrameworksBuildPhase;
			buildActionMask = 2147483647;
			files = (
			);
			runOnlyForDeploymentPostprocessing = 0;
		};
/* End PBXFrameworksBuildPhase section */

/* Begin PBXGroup section */
		273F874A1FB9D94600EBA990 = {
			isa = PBXGroup;
			children = (
				273F87551FB9D94600EBA990 /* CollectionViewSections */,
				273F87541FB9D94600EBA990 /* Products */,
			);
			sourceTree = "<group>";
		};
		273F87541FB9D94600EBA990 /* Products */ = {
			isa = PBXGroup;
			children = (
				273F87531FB9D94600EBA990 /* CollectionViewSections.app */,
			);
			name = Products;
			sourceTree = "<group>";
		};
		273F87551FB9D94600EBA990 /* CollectionViewSections */ = {
			isa = PBXGroup;
			children = (
				273F87561FB9D94600EBA990 /* AppDelegate.swift */,
				273F87581FB9D94600EBA990 /* ViewController.swift */,
				273F875A1FB9D94600EBA990 /* Main.storyboard */,
				273F87681FBAD9E800EBA990 /* FaceCollectionViewCell.swift */,
				273F875D1FB9D94600EBA990 /* Assets.xcassets */,
				273F875F1FB9D94600EBA990 /* LaunchScreen.storyboard */,
				273F87621FB9D94600EBA990 /* Info.plist */,
			);
			path = CollectionViewSections;
			sourceTree = "<group>";
		};
/* End PBXGroup section */

/* Begin PBXNativeTarget section */
		273F87521FB9D94600EBA990 /* CollectionViewSections */ = {
			isa = PBXNativeTarget;
			buildConfigurationList = 273F87651FB9D94600EBA990 /* Build configuration list for PBXNativeTarget "CollectionViewSections" */;
			buildPhases = (
				273F874F1FB9D94600EBA990 /* Sources */,
				273F87501FB9D94600EBA990 /* Frameworks */,
				273F87511FB9D94600EBA990 /* Resources */,
			);
			buildRules = (
			);
			dependencies = (
			);
			name = CollectionViewSections;
			productName = CollectionViewSections;
			productReference = 273F87531FB9D94600EBA990 /* CollectionViewSections.app */;
			productType = "com.apple.product-type.application";
		};
/* End PBXNativeTarget section */

/* Begin PBXProject section */
		273F874B1FB9D94600EBA990 /* Project object */ = {
			isa = PBXProject;
			attributes = {
				LastSwiftUpdateCheck = 0910;
				LastUpgradeCheck = 0910;
				ORGANIZATIONNAME = "Tiago Pereira";
				TargetAttributes = {
					273F87521FB9D94600EBA990 = {
						CreatedOnToolsVersion = 9.1;
						ProvisioningStyle = Automatic;
					};
				};
			};
			buildConfigurationList = 273F874E1FB9D94600EBA990 /* Build configuration list for PBXProject "CollectionViewSections" */;
			compatibilityVersion = "Xcode 8.0";
			developmentRegion = en;
			hasScannedForEncodings = 0;
			knownRegions = (
				en,
				Base,
			);
			mainGroup = 273F874A1FB9D94600EBA990;
			productRefGroup = 273F87541FB9D94600EBA990 /* Products */;
			projectDirPath = "";
			projectRoot = "";
			targets = (
				273F87521FB9D94600EBA990 /* CollectionViewSections */,
			);
		};
/* End PBXProject section */

/* Begin PBXResourcesBuildPhase section */
		273F87511FB9D94600EBA990 /* Resources */ = {
			isa = PBXResourcesBuildPhase;
			buildActionMask = 2147483647;
			files = (
				273F87611FB9D94600EBA990 /* LaunchScreen.storyboard in Resources */,
				273F875E1FB9D94600EBA990 /* Assets.xcassets in Resources */,
				273F875C1FB9D94600EBA990 /* Main.storyboard in Resources */,
			);
			runOnlyForDeploymentPostprocessing = 0;
		};
/* End PBXResourcesBuildPhase section */

/* Begin PBXSourcesBuildPhase section */
		273F874F1FB9D94600EBA990 /* Sources */ = {
			isa = PBXSourcesBuildPhase;
			buildActionMask = 2147483647;
			files = (
				273F87591FB9D94600EBA990 /* ViewController.swift in Sources */,
				273F87691FBAD9E800EBA990 /* FaceCollectionViewCell.swift in Sources */,
				273F87571FB9D94600EBA990 /* AppDelegate.swift in Sources */,
			);
			runOnlyForDeploymentPostprocessing = 0;
		};
/* End PBXSourcesBuildPhase section */

/* Begin PBXVariantGroup section */
		273F875A1FB9D94600EBA990 /* Main.storyboard */ = {
			isa = PBXVariantGroup;
			children = (
				273F875B1FB9D94600EBA990 /* Base */,
			);
			name = Main.storyboard;
			sourceTree = "<group>";
		};
		273F875F1FB9D94600EBA990 /* LaunchScreen.storyboard */ = {
			isa = PBXVariantGroup;
			children = (
				273F87601FB9D94600EBA990 /* Base */,
			);
			name = LaunchScreen.storyboard;
			sourceTree = "<group>";
		};
/* End PBXVariantGroup section */

/* Begin XCBuildConfiguration section */
		273F87631FB9D94600EBA990 /* Debug */ = {
			isa = XCBuildConfiguration;
			buildSettings = {
				ALWAYS_SEARCH_USER_PATHS = NO;
				CLANG_ANALYZER_NONNULL = YES;
				CLANG_ANALYZER_NUMBER_OBJECT_CONVERSION = YES_AGGRESSIVE;
				CLANG_CXX_LANGUAGE_STANDARD = "gnu++14";
				CLANG_CXX_LIBRARY = "libc++";
				CLANG_ENABLE_MODULES = YES;
				CLANG_ENABLE_OBJC_ARC = YES;
				CLANG_WARN_BLOCK_CAPTURE_AUTORELEASING = YES;
				CLANG_WARN_BOOL_CONVERSION = YES;
				CLANG_WARN_COMMA = YES;
				CLANG_WARN_CONSTANT_CONVERSION = YES;
				CLANG_WARN_DIRECT_OBJC_ISA_USAGE = YES_ERROR;
				CLANG_WARN_DOCUMENTATION_COMMENTS = YES;
				CLANG_WARN_EMPTY_BODY = YES;
				CLANG_WARN_ENUM_CONVERSION = YES;
				CLANG_WARN_INFINITE_RECURSION = YES;
				CLANG_WARN_INT_CONVERSION = YES;
				CLANG_WARN_NON_LITERAL_NULL_CONVERSION = YES;
				CLANG_WARN_OBJC_LITERAL_CONVERSION = YES;
				CLANG_WARN_OBJC_ROOT_CLASS = YES_ERROR;
				CLANG_WARN_RANGE_LOOP_ANALYSIS = YES;
				CLANG_WARN_STRICT_PROTOTYPES = YES;
				CLANG_WARN_SUSPICIOUS_MOVE = YES;
				CLANG_WARN_UNGUARDED_AVAILABILITY = YES_AGGRESSIVE;
				CLANG_WARN_UNREACHABLE_CODE = YES;
				CLANG_WARN__DUPLICATE_METHOD_MATCH = YES;
				CODE_SIGN_IDENTITY = "iPhone Developer";
				COPY_PHASE_STRIP = NO;
				DEBUG_INFORMATION_FORMAT = dwarf;
				ENABLE_STRICT_OBJC_MSGSEND = YES;
				ENABLE_TESTABILITY = YES;
				GCC_C_LANGUAGE_STANDARD = gnu11;
				GCC_DYNAMIC_NO_PIC = NO;
				GCC_NO_COMMON_BLOCKS = YES;
				GCC_OPTIMIZATION_LEVEL = 0;
				GCC_PREPROCESSOR_DEFINITIONS = (
					"DEBUG=1",
					"$(inherited)",
				);
				GCC_WARN_64_TO_32_BIT_CONVERSION = YES;
				GCC_WARN_ABOUT_RETURN_TYPE = YES_ERROR;
				GCC_WARN_UNDECLARED_SELECTOR = YES;
				GCC_WARN_UNINITIALIZED_AUTOS = YES_AGGRESSIVE;
				GCC_WARN_UNUSED_FUNCTION = YES;
				GCC_WARN_UNUSED_VARIABLE = YES;
				IPHONEOS_DEPLOYMENT_TARGET = 11.1;
				MTL_ENABLE_DEBUG_INFO = YES;
				ONLY_ACTIVE_ARCH = YES;
				SDKROOT = iphoneos;
				SWIFT_ACTIVE_COMPILATION_CONDITIONS = DEBUG;
				SWIFT_OPTIMIZATION_LEVEL = "-Onone";
			};
			name = Debug;
		};
		273F87641FB9D94600EBA990 /* Release */ = {
			isa = XCBuildConfiguration;
			buildSettings = {
				ALWAYS_SEARCH_USER_PATHS = NO;
				CLANG_ANALYZER_NONNULL = YES;
				CLANG_ANALYZER_NUMBER_OBJECT_CONVERSION = YES_AGGRESSIVE;
				CLANG_CXX_LANGUAGE_STANDARD = "gnu++14";
				CLANG_CXX_LIBRARY = "libc++";
				CLANG_ENABLE_MODULES = YES;
				CLANG_ENABLE_OBJC_ARC = YES;
				CLANG_WARN_BLOCK_CAPTURE_AUTORELEASING = YES;
				CLANG_WARN_BOOL_CONVERSION = YES;
				CLANG_WARN_COMMA = YES;
				CLANG_WARN_CONSTANT_CONVERSION = YES;
				CLANG_WARN_DIRECT_OBJC_ISA_USAGE = YES_ERROR;
				CLANG_WARN_DOCUMENTATION_COMMENTS = YES;
				CLANG_WARN_EMPTY_BODY = YES;
				CLANG_WARN_ENUM_CONVERSION = YES;
				CLANG_WARN_INFINITE_RECURSION = YES;
				CLANG_WARN_INT_CONVERSION = YES;
				CLANG_WARN_NON_LITERAL_NULL_CONVERSION = YES;
				CLANG_WARN_OBJC_LITERAL_CONVERSION = YES;
				CLANG_WARN_OBJC_ROOT_CLASS = YES_ERROR;
				CLANG_WARN_RANGE_LOOP_ANALYSIS = YES;
				CLANG_WARN_STRICT_PROTOTYPES = YES;
				CLANG_WARN_SUSPICIOUS_MOVE = YES;
				CLANG_WARN_UNGUARDED_AVAILABILITY = YES_AGGRESSIVE;
				CLANG_WARN_UNREACHABLE_CODE = YES;
				CLANG_WARN__DUPLICATE_METHOD_MATCH = YES;
				CODE_SIGN_IDENTITY = "iPhone Developer";
				COPY_PHASE_STRIP = NO;
				DEBUG_INFORMATION_FORMAT = "dwarf-with-dsym";
				ENABLE_NS_ASSERTIONS = NO;
				ENABLE_STRICT_OBJC_MSGSEND = YES;
				GCC_C_LANGUAGE_STANDARD = gnu11;
				GCC_NO_COMMON_BLOCKS = YES;
				GCC_WARN_64_TO_32_BIT_CONVERSION = YES;
				GCC_WARN_ABOUT_RETURN_TYPE = YES_ERROR;
				GCC_WARN_UNDECLARED_SELECTOR = YES;
				GCC_WARN_UNINITIALIZED_AUTOS = YES_AGGRESSIVE;
				GCC_WARN_UNUSED_FUNCTION = YES;
				GCC_WARN_UNUSED_VARIABLE = YES;
				IPHONEOS_DEPLOYMENT_TARGET = 11.1;
				MTL_ENABLE_DEBUG_INFO = NO;
				SDKROOT = iphoneos;
				SWIFT_OPTIMIZATION_LEVEL = "-Owholemodule";
				VALIDATE_PRODUCT = YES;
			};
			name = Release;
		};
		273F87661FB9D94600EBA990 /* Debug */ = {
			isa = XCBuildConfiguration;
			buildSettings = {
				ASSETCATALOG_COMPILER_APPICON_NAME = AppIcon;
				CODE_SIGN_STYLE = Automatic;
				INFOPLIST_FILE = CollectionViewSections/Info.plist;
				LD_RUNPATH_SEARCH_PATHS = "$(inherited) @executable_path/Frameworks";
				PRODUCT_BUNDLE_IDENTIFIER = "com.developer-academy.tiago.CollectionViewSections";
				PRODUCT_NAME = "$(TARGET_NAME)";
				SWIFT_VERSION = 4.0;
				TARGETED_DEVICE_FAMILY = "1,2";
			};
			name = Debug;
		};
		273F87671FB9D94600EBA990 /* Release */ = {
			isa = XCBuildConfiguration;
			buildSettings = {
				ASSETCATALOG_COMPILER_APPICON_NAME = AppIcon;
				CODE_SIGN_STYLE = Automatic;
				INFOPLIST_FILE = CollectionViewSections/Info.plist;
				LD_RUNPATH_SEARCH_PATHS = "$(inherited) @executable_path/Frameworks";
				PRODUCT_BUNDLE_IDENTIFIER = "com.developer-academy.tiago.CollectionViewSections";
				PRODUCT_NAME = "$(TARGET_NAME)";
				SWIFT_VERSION = 4.0;
				TARGETED_DEVICE_FAMILY = "1,2";
			};
			name = Release;
		};
/* End XCBuildConfiguration section */

/* Begin XCConfigurationList section */
		273F874E1FB9D94600EBA990 /* Build configuration list for PBXProject "CollectionViewSections" */ = {
			isa = XCConfigurationList;
			buildConfigurations = (
				273F87631FB9D94600EBA990 /* Debug */,
				273F87641FB9D94600EBA990 /* Release */,
			);
			defaultConfigurationIsVisible = 0;
			defaultConfigurationName = Release;
		};
		273F87651FB9D94600EBA990 /* Build configuration list for PBXNativeTarget "CollectionViewSections" */ = {
			isa = XCConfigurationList;
			buildConfigurations = (
				273F87661FB9D94600EBA990 /* Debug */,
				273F87671FB9D94600EBA990 /* Release */,
			);
			defaultConfigurationIsVisible = 0;
			defaultConfigurationName = Release;
		};
/* End XCConfigurationList section */
	};
	rootObject = 273F874B1FB9D94600EBA990 /* Project object */;
}
